
Microsoft Visual Studio Solution File, Format Version 12.00
# Visual Studio Version 16
VisualStudioVersion = 16.0.29215.179
MinimumVisualStudioVersion = 10.0.40219.1
Project("{FAE04EC0-301F-11D3-BF4B-00C04F79EFBC}") = "DM.WR.Data", "DM.WR.Data\DM.WR.Data.csproj", "{2B434721-FBAE-4136-A787-BBB68BC0E882}"
EndProject
Project("{FAE04EC0-301F-11D3-BF4B-00C04F79EFBC}") = "DM.WR.ServiceClient", "DM.WR.ServiceClient\DM.WR.ServiceClient.csproj", "{A2B57494-681E-4AD1-B403-829FB0FE5E56}"
EndProject
Project("{FAE04EC0-301F-11D3-BF4B-00C04F79EFBC}") = "DM.WR.BL", "DM.WR.BL\DM.WR.BL.csproj", "{43060587-A4DA-4FC2-BC58-B2B593EDF8AD}"
EndProject
Project("{FAE04EC0-301F-11D3-BF4B-00C04F79EFBC}") = "DM.WR.Web", "DM.WR.Web\DM.WR.Web.csproj", "{40524F07-8E9B-45A0-ADC2-50FAB2F5D6CC}"
EndProject
Project("{FAE04EC0-301F-11D3-BF4B-00C04F79EFBC}") = "DM.WR.Models", "DM.WR.Models\DM.WR.Models.csproj", "{79347493-9DCF-486D-A915-B173EF19ACD0}"
EndProject
Project("{FAE04EC0-301F-11D3-BF4B-00C04F79EFBC}") = "DM.WR.GraphQlClient", "DM.WR.GraphQlClient\DM.WR.GraphQlClient.csproj", "{E718E1EF-8A63-4BDE-85CB-3EF8417134F5}"
EndProject
Project("{FAE04EC0-301F-11D3-BF4B-00C04F79EFBC}") = "DM.WR.BL.Tests", "DM.WR.BL.Tests\DM.WR.BL.Tests.csproj", "{CCCC01A9-AAC1-48F7-91E6-43469069D0D5}"
EndProject
Global
	GlobalSection(SolutionConfigurationPlatforms) = preSolution
		Debug|Any CPU = Debug|Any CPU
		Debug|x64 = Debug|x64
		Debug|x86 = Debug|x86
		DEMO|Any CPU = DEMO|Any CPU
		DEMO|x64 = DEMO|x64
		DEMO|x86 = DEMO|x86
		DEV|Any CPU = DEV|Any CPU
		DEV|x64 = DEV|x64
		DEV|x86 = DEV|x86
		DEV1|Any CPU = DEV1|Any CPU
		DEV1|x64 = DEV1|x64
		DEV1|x86 = DEV1|x86
		DEV2|Any CPU = DEV2|Any CPU
		DEV2|x64 = DEV2|x64
		DEV2|x86 = DEV2|x86
		DEV4|Any CPU = DEV4|Any CPU
		DEV4|x64 = DEV4|x64
		DEV4|x86 = DEV4|x86
		QA|Any CPU = QA|Any CPU
		QA|x64 = QA|x64
		QA|x86 = QA|x86
		Release|Any CPU = Release|Any CPU
		Release|x64 = Release|x64
		Release|x86 = Release|x86
		UAT|Any CPU = UAT|Any CPU
		UAT|x64 = UAT|x64
		UAT|x86 = UAT|x86
	EndGlobalSection
	GlobalSection(ProjectConfigurationPlatforms) = postSolution
		{2B434721-FBAE-4136-A787-BBB68BC0E882}.Debug|Any CPU.ActiveCfg = Debug|Any CPU
		{2B434721-FBAE-4136-A787-BBB68BC0E882}.Debug|Any CPU.Build.0 = Debug|Any CPU
		{2B434721-FBAE-4136-A787-BBB68BC0E882}.Debug|x64.ActiveCfg = Debug|Any CPU
		{2B434721-FBAE-4136-A787-BBB68BC0E882}.Debug|x64.Build.0 = Debug|Any CPU
		{2B434721-FBAE-4136-A787-BBB68BC0E882}.Debug|x86.ActiveCfg = Debug|x86
		{2B434721-FBAE-4136-A787-BBB68BC0E882}.Debug|x86.Build.0 = Debug|x86
		{2B434721-FBAE-4136-A787-BBB68BC0E882}.DEMO|Any CPU.ActiveCfg = DEMO|Any CPU
		{2B434721-FBAE-4136-A787-BBB68BC0E882}.DEMO|Any CPU.Build.0 = DEMO|Any CPU
		{2B434721-FBAE-4136-A787-BBB68BC0E882}.DEMO|x64.ActiveCfg = DEMO|Any CPU
		{2B434721-FBAE-4136-A787-BBB68BC0E882}.DEMO|x64.Build.0 = DEMO|Any CPU
		{2B434721-FBAE-4136-A787-BBB68BC0E882}.DEMO|x86.ActiveCfg = DEMO|x86
		{2B434721-FBAE-4136-A787-BBB68BC0E882}.DEMO|x86.Build.0 = DEMO|x86
		{2B434721-FBAE-4136-A787-BBB68BC0E882}.DEV|Any CPU.ActiveCfg = DEV|Any CPU
		{2B434721-FBAE-4136-A787-BBB68BC0E882}.DEV|Any CPU.Build.0 = DEV|Any CPU
		{2B434721-FBAE-4136-A787-BBB68BC0E882}.DEV|x64.ActiveCfg = DEV|Any CPU
		{2B434721-FBAE-4136-A787-BBB68BC0E882}.DEV|x64.Build.0 = DEV|Any CPU
		{2B434721-FBAE-4136-A787-BBB68BC0E882}.DEV|x86.ActiveCfg = DEV|x86
		{2B434721-FBAE-4136-A787-BBB68BC0E882}.DEV|x86.Build.0 = DEV|x86
		{2B434721-FBAE-4136-A787-BBB68BC0E882}.DEV1|Any CPU.ActiveCfg = DEV1|Any CPU
		{2B434721-FBAE-4136-A787-BBB68BC0E882}.DEV1|Any CPU.Build.0 = DEV1|Any CPU
		{2B434721-FBAE-4136-A787-BBB68BC0E882}.DEV1|x64.ActiveCfg = DEV1|Any CPU
		{2B434721-FBAE-4136-A787-BBB68BC0E882}.DEV1|x64.Build.0 = DEV1|Any CPU
		{2B434721-FBAE-4136-A787-BBB68BC0E882}.DEV1|x86.ActiveCfg = DEV1|x86
		{2B434721-FBAE-4136-A787-BBB68BC0E882}.DEV1|x86.Build.0 = DEV1|x86
		{2B434721-FBAE-4136-A787-BBB68BC0E882}.DEV2|Any CPU.ActiveCfg = DEV2|Any CPU
		{2B434721-FBAE-4136-A787-BBB68BC0E882}.DEV2|Any CPU.Build.0 = DEV2|Any CPU
		{2B434721-FBAE-4136-A787-BBB68BC0E882}.DEV2|x64.ActiveCfg = DEV2|Any CPU
		{2B434721-FBAE-4136-A787-BBB68BC0E882}.DEV2|x64.Build.0 = DEV2|Any CPU
		{2B434721-FBAE-4136-A787-BBB68BC0E882}.DEV2|x86.ActiveCfg = DEV2|x86
		{2B434721-FBAE-4136-A787-BBB68BC0E882}.DEV2|x86.Build.0 = DEV2|x86
		{2B434721-FBAE-4136-A787-BBB68BC0E882}.DEV4|Any CPU.ActiveCfg = DEV4|Any CPU
		{2B434721-FBAE-4136-A787-BBB68BC0E882}.DEV4|Any CPU.Build.0 = DEV4|Any CPU
		{2B434721-FBAE-4136-A787-BBB68BC0E882}.DEV4|x64.ActiveCfg = DEV4|Any CPU
		{2B434721-FBAE-4136-A787-BBB68BC0E882}.DEV4|x64.Build.0 = DEV4|Any CPU
		{2B434721-FBAE-4136-A787-BBB68BC0E882}.DEV4|x86.ActiveCfg = DEV4|x86
		{2B434721-FBAE-4136-A787-BBB68BC0E882}.DEV4|x86.Build.0 = DEV4|x86
		{2B434721-FBAE-4136-A787-BBB68BC0E882}.QA|Any CPU.ActiveCfg = QA|Any CPU
		{2B434721-FBAE-4136-A787-BBB68BC0E882}.QA|Any CPU.Build.0 = QA|Any CPU
		{2B434721-FBAE-4136-A787-BBB68BC0E882}.QA|x64.ActiveCfg = QA|Any CPU
		{2B434721-FBAE-4136-A787-BBB68BC0E882}.QA|x64.Build.0 = QA|Any CPU
		{2B434721-FBAE-4136-A787-BBB68BC0E882}.QA|x86.ActiveCfg = QA|x86
		{2B434721-FBAE-4136-A787-BBB68BC0E882}.QA|x86.Build.0 = QA|x86
		{2B434721-FBAE-4136-A787-BBB68BC0E882}.Release|Any CPU.ActiveCfg = Release|Any CPU
		{2B434721-FBAE-4136-A787-BBB68BC0E882}.Release|Any CPU.Build.0 = Release|Any CPU
		{2B434721-FBAE-4136-A787-BBB68BC0E882}.Release|x64.ActiveCfg = Release|Any CPU
		{2B434721-FBAE-4136-A787-BBB68BC0E882}.Release|x64.Build.0 = Release|Any CPU
		{2B434721-FBAE-4136-A787-BBB68BC0E882}.Release|x86.ActiveCfg = Release|x86
		{2B434721-FBAE-4136-A787-BBB68BC0E882}.Release|x86.Build.0 = Release|x86
		{2B434721-FBAE-4136-A787-BBB68BC0E882}.UAT|Any CPU.ActiveCfg = UAT|Any CPU
		{2B434721-FBAE-4136-A787-BBB68BC0E882}.UAT|Any CPU.Build.0 = UAT|Any CPU
		{2B434721-FBAE-4136-A787-BBB68BC0E882}.UAT|x64.ActiveCfg = UAT|Any CPU
		{2B434721-FBAE-4136-A787-BBB68BC0E882}.UAT|x64.Build.0 = UAT|Any CPU
		{2B434721-FBAE-4136-A787-BBB68BC0E882}.UAT|x86.ActiveCfg = UAT|x86
		{2B434721-FBAE-4136-A787-BBB68BC0E882}.UAT|x86.Build.0 = UAT|x86
		{A2B57494-681E-4AD1-B403-829FB0FE5E56}.Debug|Any CPU.ActiveCfg = Debug|Any CPU
		{A2B57494-681E-4AD1-B403-829FB0FE5E56}.Debug|Any CPU.Build.0 = Debug|Any CPU
		{A2B57494-681E-4AD1-B403-829FB0FE5E56}.Debug|x64.ActiveCfg = Debug|Any CPU
		{A2B57494-681E-4AD1-B403-829FB0FE5E56}.Debug|x64.Build.0 = Debug|Any CPU
		{A2B57494-681E-4AD1-B403-829FB0FE5E56}.Debug|x86.ActiveCfg = Debug|x86
		{A2B57494-681E-4AD1-B403-829FB0FE5E56}.Debug|x86.Build.0 = Debug|x86
		{A2B57494-681E-4AD1-B403-829FB0FE5E56}.DEMO|Any CPU.ActiveCfg = DEMO|Any CPU
		{A2B57494-681E-4AD1-B403-829FB0FE5E56}.DEMO|Any CPU.Build.0 = DEMO|Any CPU
		{A2B57494-681E-4AD1-B403-829FB0FE5E56}.DEMO|x64.ActiveCfg = DEMO|Any CPU
		{A2B57494-681E-4AD1-B403-829FB0FE5E56}.DEMO|x64.Build.0 = DEMO|Any CPU
		{A2B57494-681E-4AD1-B403-829FB0FE5E56}.DEMO|x86.ActiveCfg = DEMO|x86
		{A2B57494-681E-4AD1-B403-829FB0FE5E56}.DEMO|x86.Build.0 = DEMO|x86
		{A2B57494-681E-4AD1-B403-829FB0FE5E56}.DEV|Any CPU.ActiveCfg = DEV|Any CPU
		{A2B57494-681E-4AD1-B403-829FB0FE5E56}.DEV|Any CPU.Build.0 = DEV|Any CPU
		{A2B57494-681E-4AD1-B403-829FB0FE5E56}.DEV|x64.ActiveCfg = DEV|Any CPU
		{A2B57494-681E-4AD1-B403-829FB0FE5E56}.DEV|x64.Build.0 = DEV|Any CPU
		{A2B57494-681E-4AD1-B403-829FB0FE5E56}.DEV|x86.ActiveCfg = DEV|x86
		{A2B57494-681E-4AD1-B403-829FB0FE5E56}.DEV|x86.Build.0 = DEV|x86
		{A2B57494-681E-4AD1-B403-829FB0FE5E56}.DEV1|Any CPU.ActiveCfg = DEV1|Any CPU
		{A2B57494-681E-4AD1-B403-829FB0FE5E56}.DEV1|Any CPU.Build.0 = DEV1|Any CPU
		{A2B57494-681E-4AD1-B403-829FB0FE5E56}.DEV1|x64.ActiveCfg = DEV1|Any CPU
		{A2B57494-681E-4AD1-B403-829FB0FE5E56}.DEV1|x64.Build.0 = DEV1|Any CPU
		{A2B57494-681E-4AD1-B403-829FB0FE5E56}.DEV1|x86.ActiveCfg = DEV1|x86
		{A2B57494-681E-4AD1-B403-829FB0FE5E56}.DEV1|x86.Build.0 = DEV1|x86
		{A2B57494-681E-4AD1-B403-829FB0FE5E56}.DEV2|Any CPU.ActiveCfg = DEV2|Any CPU
		{A2B57494-681E-4AD1-B403-829FB0FE5E56}.DEV2|Any CPU.Build.0 = DEV2|Any CPU
		{A2B57494-681E-4AD1-B403-829FB0FE5E56}.DEV2|x64.ActiveCfg = DEV2|Any CPU
		{A2B57494-681E-4AD1-B403-829FB0FE5E56}.DEV2|x64.Build.0 = DEV2|Any CPU
		{A2B57494-681E-4AD1-B403-829FB0FE5E56}.DEV2|x86.ActiveCfg = DEV2|x86
		{A2B57494-681E-4AD1-B403-829FB0FE5E56}.DEV2|x86.Build.0 = DEV2|x86
		{A2B57494-681E-4AD1-B403-829FB0FE5E56}.DEV4|Any CPU.ActiveCfg = DEV4|Any CPU
		{A2B57494-681E-4AD1-B403-829FB0FE5E56}.DEV4|Any CPU.Build.0 = DEV4|Any CPU
		{A2B57494-681E-4AD1-B403-829FB0FE5E56}.DEV4|x64.ActiveCfg = DEV4|Any CPU
		{A2B57494-681E-4AD1-B403-829FB0FE5E56}.DEV4|x64.Build.0 = DEV4|Any CPU
		{A2B57494-681E-4AD1-B403-829FB0FE5E56}.DEV4|x86.ActiveCfg = DEV4|x86
		{A2B57494-681E-4AD1-B403-829FB0FE5E56}.DEV4|x86.Build.0 = DEV4|x86
		{A2B57494-681E-4AD1-B403-829FB0FE5E56}.QA|Any CPU.ActiveCfg = QA|Any CPU
		{A2B57494-681E-4AD1-B403-829FB0FE5E56}.QA|Any CPU.Build.0 = QA|Any CPU
		{A2B57494-681E-4AD1-B403-829FB0FE5E56}.QA|x64.ActiveCfg = QA|Any CPU
		{A2B57494-681E-4AD1-B403-829FB0FE5E56}.QA|x64.Build.0 = QA|Any CPU
		{A2B57494-681E-4AD1-B403-829FB0FE5E56}.QA|x86.ActiveCfg = QA|x86
		{A2B57494-681E-4AD1-B403-829FB0FE5E56}.QA|x86.Build.0 = QA|x86
		{A2B57494-681E-4AD1-B403-829FB0FE5E56}.Release|Any CPU.ActiveCfg = Release|Any CPU
		{A2B57494-681E-4AD1-B403-829FB0FE5E56}.Release|Any CPU.Build.0 = Release|Any CPU
		{A2B57494-681E-4AD1-B403-829FB0FE5E56}.Release|x64.ActiveCfg = Release|Any CPU
		{A2B57494-681E-4AD1-B403-829FB0FE5E56}.Release|x64.Build.0 = Release|Any CPU
		{A2B57494-681E-4AD1-B403-829FB0FE5E56}.Release|x86.ActiveCfg = Release|x86
		{A2B57494-681E-4AD1-B403-829FB0FE5E56}.Release|x86.Build.0 = Release|x86
		{A2B57494-681E-4AD1-B403-829FB0FE5E56}.UAT|Any CPU.ActiveCfg = UAT|Any CPU
		{A2B57494-681E-4AD1-B403-829FB0FE5E56}.UAT|Any CPU.Build.0 = UAT|Any CPU
		{A2B57494-681E-4AD1-B403-829FB0FE5E56}.UAT|x64.ActiveCfg = UAT|Any CPU
		{A2B57494-681E-4AD1-B403-829FB0FE5E56}.UAT|x64.Build.0 = UAT|Any CPU
		{A2B57494-681E-4AD1-B403-829FB0FE5E56}.UAT|x86.ActiveCfg = UAT|x86
		{A2B57494-681E-4AD1-B403-829FB0FE5E56}.UAT|x86.Build.0 = UAT|x86
		{43060587-A4DA-4FC2-BC58-B2B593EDF8AD}.Debug|Any CPU.ActiveCfg = Debug|Any CPU
		{43060587-A4DA-4FC2-BC58-B2B593EDF8AD}.Debug|Any CPU.Build.0 = Debug|Any CPU
		{43060587-A4DA-4FC2-BC58-B2B593EDF8AD}.Debug|x64.ActiveCfg = Debug|Any CPU
		{43060587-A4DA-4FC2-BC58-B2B593EDF8AD}.Debug|x64.Build.0 = Debug|Any CPU
		{43060587-A4DA-4FC2-BC58-B2B593EDF8AD}.Debug|x86.ActiveCfg = Debug|Any CPU
		{43060587-A4DA-4FC2-BC58-B2B593EDF8AD}.Debug|x86.Build.0 = Debug|Any CPU
		{43060587-A4DA-4FC2-BC58-B2B593EDF8AD}.DEMO|Any CPU.ActiveCfg = DEMO|Any CPU
		{43060587-A4DA-4FC2-BC58-B2B593EDF8AD}.DEMO|Any CPU.Build.0 = DEMO|Any CPU
		{43060587-A4DA-4FC2-BC58-B2B593EDF8AD}.DEMO|x64.ActiveCfg = DEMO|Any CPU
		{43060587-A4DA-4FC2-BC58-B2B593EDF8AD}.DEMO|x64.Build.0 = DEMO|Any CPU
		{43060587-A4DA-4FC2-BC58-B2B593EDF8AD}.DEMO|x86.ActiveCfg = DEMO|Any CPU
		{43060587-A4DA-4FC2-BC58-B2B593EDF8AD}.DEMO|x86.Build.0 = DEMO|Any CPU
		{43060587-A4DA-4FC2-BC58-B2B593EDF8AD}.DEV|Any CPU.ActiveCfg = DEV|Any CPU
		{43060587-A4DA-4FC2-BC58-B2B593EDF8AD}.DEV|Any CPU.Build.0 = DEV|Any CPU
		{43060587-A4DA-4FC2-BC58-B2B593EDF8AD}.DEV|x64.ActiveCfg = DEV|Any CPU
		{43060587-A4DA-4FC2-BC58-B2B593EDF8AD}.DEV|x64.Build.0 = DEV|Any CPU
		{43060587-A4DA-4FC2-BC58-B2B593EDF8AD}.DEV|x86.ActiveCfg = DEV|Any CPU
		{43060587-A4DA-4FC2-BC58-B2B593EDF8AD}.DEV|x86.Build.0 = DEV|Any CPU
		{43060587-A4DA-4FC2-BC58-B2B593EDF8AD}.DEV1|Any CPU.ActiveCfg = DEV1|Any CPU
		{43060587-A4DA-4FC2-BC58-B2B593EDF8AD}.DEV1|Any CPU.Build.0 = DEV1|Any CPU
		{43060587-A4DA-4FC2-BC58-B2B593EDF8AD}.DEV1|x64.ActiveCfg = DEV1|Any CPU
		{43060587-A4DA-4FC2-BC58-B2B593EDF8AD}.DEV1|x64.Build.0 = DEV1|Any CPU
		{43060587-A4DA-4FC2-BC58-B2B593EDF8AD}.DEV1|x86.ActiveCfg = DEV1|Any CPU
		{43060587-A4DA-4FC2-BC58-B2B593EDF8AD}.DEV1|x86.Build.0 = DEV1|Any CPU
		{43060587-A4DA-4FC2-BC58-B2B593EDF8AD}.DEV2|Any CPU.ActiveCfg = DEV2|Any CPU
		{43060587-A4DA-4FC2-BC58-B2B593EDF8AD}.DEV2|Any CPU.Build.0 = DEV2|Any CPU
		{43060587-A4DA-4FC2-BC58-B2B593EDF8AD}.DEV2|x64.ActiveCfg = DEV2|Any CPU
		{43060587-A4DA-4FC2-BC58-B2B593EDF8AD}.DEV2|x64.Build.0 = DEV2|Any CPU
		{43060587-A4DA-4FC2-BC58-B2B593EDF8AD}.DEV2|x86.ActiveCfg = DEV2|Any CPU
		{43060587-A4DA-4FC2-BC58-B2B593EDF8AD}.DEV2|x86.Build.0 = DEV2|Any CPU
		{43060587-A4DA-4FC2-BC58-B2B593EDF8AD}.DEV4|Any CPU.ActiveCfg = DEV4|Any CPU
		{43060587-A4DA-4FC2-BC58-B2B593EDF8AD}.DEV4|Any CPU.Build.0 = DEV4|Any CPU
		{43060587-A4DA-4FC2-BC58-B2B593EDF8AD}.DEV4|x64.ActiveCfg = DEV4|Any CPU
		{43060587-A4DA-4FC2-BC58-B2B593EDF8AD}.DEV4|x64.Build.0 = DEV4|Any CPU
		{43060587-A4DA-4FC2-BC58-B2B593EDF8AD}.DEV4|x86.ActiveCfg = DEV4|Any CPU
		{43060587-A4DA-4FC2-BC58-B2B593EDF8AD}.DEV4|x86.Build.0 = DEV4|Any CPU
		{43060587-A4DA-4FC2-BC58-B2B593EDF8AD}.QA|Any CPU.ActiveCfg = QA|Any CPU
		{43060587-A4DA-4FC2-BC58-B2B593EDF8AD}.QA|Any CPU.Build.0 = QA|Any CPU
		{43060587-A4DA-4FC2-BC58-B2B593EDF8AD}.QA|x64.ActiveCfg = QA|Any CPU
		{43060587-A4DA-4FC2-BC58-B2B593EDF8AD}.QA|x64.Build.0 = QA|Any CPU
		{43060587-A4DA-4FC2-BC58-B2B593EDF8AD}.QA|x86.ActiveCfg = QA|Any CPU
		{43060587-A4DA-4FC2-BC58-B2B593EDF8AD}.QA|x86.Build.0 = QA|Any CPU
		{43060587-A4DA-4FC2-BC58-B2B593EDF8AD}.Release|Any CPU.ActiveCfg = PROD|Any CPU
		{43060587-A4DA-4FC2-BC58-B2B593EDF8AD}.Release|Any CPU.Build.0 = PROD|Any CPU
		{43060587-A4DA-4FC2-BC58-B2B593EDF8AD}.Release|x64.ActiveCfg = PROD|Any CPU
		{43060587-A4DA-4FC2-BC58-B2B593EDF8AD}.Release|x64.Build.0 = PROD|Any CPU
		{43060587-A4DA-4FC2-BC58-B2B593EDF8AD}.Release|x86.ActiveCfg = PROD|Any CPU
		{43060587-A4DA-4FC2-BC58-B2B593EDF8AD}.Release|x86.Build.0 = PROD|Any CPU
		{43060587-A4DA-4FC2-BC58-B2B593EDF8AD}.UAT|Any CPU.ActiveCfg = UAT|Any CPU
		{43060587-A4DA-4FC2-BC58-B2B593EDF8AD}.UAT|Any CPU.Build.0 = UAT|Any CPU
		{43060587-A4DA-4FC2-BC58-B2B593EDF8AD}.UAT|x64.ActiveCfg = UAT|Any CPU
		{43060587-A4DA-4FC2-BC58-B2B593EDF8AD}.UAT|x64.Build.0 = UAT|Any CPU
		{43060587-A4DA-4FC2-BC58-B2B593EDF8AD}.UAT|x86.ActiveCfg = UAT|Any CPU
		{43060587-A4DA-4FC2-BC58-B2B593EDF8AD}.UAT|x86.Build.0 = UAT|Any CPU
		{40524F07-8E9B-45A0-ADC2-50FAB2F5D6CC}.Debug|Any CPU.ActiveCfg = Debug|Any CPU
		{40524F07-8E9B-45A0-ADC2-50FAB2F5D6CC}.Debug|Any CPU.Build.0 = Debug|Any CPU
		{40524F07-8E9B-45A0-ADC2-50FAB2F5D6CC}.Debug|x64.ActiveCfg = Debug|Any CPU
		{40524F07-8E9B-45A0-ADC2-50FAB2F5D6CC}.Debug|x64.Build.0 = Debug|Any CPU
		{40524F07-8E9B-45A0-ADC2-50FAB2F5D6CC}.Debug|x86.ActiveCfg = Debug|x86
		{40524F07-8E9B-45A0-ADC2-50FAB2F5D6CC}.Debug|x86.Build.0 = Debug|x86
		{40524F07-8E9B-45A0-ADC2-50FAB2F5D6CC}.DEMO|Any CPU.ActiveCfg = DEMO|Any CPU
		{40524F07-8E9B-45A0-ADC2-50FAB2F5D6CC}.DEMO|Any CPU.Build.0 = DEMO|Any CPU
		{40524F07-8E9B-45A0-ADC2-50FAB2F5D6CC}.DEMO|x64.ActiveCfg = DEMO|x64
		{40524F07-8E9B-45A0-ADC2-50FAB2F5D6CC}.DEMO|x64.Build.0 = DEMO|x64
		{40524F07-8E9B-45A0-ADC2-50FAB2F5D6CC}.DEMO|x86.ActiveCfg = DEMO|x86
		{40524F07-8E9B-45A0-ADC2-50FAB2F5D6CC}.DEMO|x86.Build.0 = DEMO|x86
		{40524F07-8E9B-45A0-ADC2-50FAB2F5D6CC}.DEV|Any CPU.ActiveCfg = DEV|Any CPU
		{40524F07-8E9B-45A0-ADC2-50FAB2F5D6CC}.DEV|Any CPU.Build.0 = DEV|Any CPU
		{40524F07-8E9B-45A0-ADC2-50FAB2F5D6CC}.DEV|x64.ActiveCfg = DEV|Any CPU
		{40524F07-8E9B-45A0-ADC2-50FAB2F5D6CC}.DEV|x64.Build.0 = DEV|Any CPU
		{40524F07-8E9B-45A0-ADC2-50FAB2F5D6CC}.DEV|x86.ActiveCfg = DEV|x86
		{40524F07-8E9B-45A0-ADC2-50FAB2F5D6CC}.DEV|x86.Build.0 = DEV|x86
		{40524F07-8E9B-45A0-ADC2-50FAB2F5D6CC}.DEV1|Any CPU.ActiveCfg = DEV1|Any CPU
		{40524F07-8E9B-45A0-ADC2-50FAB2F5D6CC}.DEV1|Any CPU.Build.0 = DEV1|Any CPU
		{40524F07-8E9B-45A0-ADC2-50FAB2F5D6CC}.DEV1|x64.ActiveCfg = DEV1|x64
		{40524F07-8E9B-45A0-ADC2-50FAB2F5D6CC}.DEV1|x64.Build.0 = DEV1|x64
		{40524F07-8E9B-45A0-ADC2-50FAB2F5D6CC}.DEV1|x86.ActiveCfg = DEV1|x86
		{40524F07-8E9B-45A0-ADC2-50FAB2F5D6CC}.DEV1|x86.Build.0 = DEV1|x86
		{40524F07-8E9B-45A0-ADC2-50FAB2F5D6CC}.DEV2|Any CPU.ActiveCfg = DEV2|Any CPU
		{40524F07-8E9B-45A0-ADC2-50FAB2F5D6CC}.DEV2|Any CPU.Build.0 = DEV2|Any CPU
		{40524F07-8E9B-45A0-ADC2-50FAB2F5D6CC}.DEV2|x64.ActiveCfg = DEV2|x64
		{40524F07-8E9B-45A0-ADC2-50FAB2F5D6CC}.DEV2|x64.Build.0 = DEV2|x64
		{40524F07-8E9B-45A0-ADC2-50FAB2F5D6CC}.DEV2|x86.ActiveCfg = DEV2|x86
		{40524F07-8E9B-45A0-ADC2-50FAB2F5D6CC}.DEV2|x86.Build.0 = DEV2|x86
		{40524F07-8E9B-45A0-ADC2-50FAB2F5D6CC}.DEV4|Any CPU.ActiveCfg = DEV4|Any CPU
		{40524F07-8E9B-45A0-ADC2-50FAB2F5D6CC}.DEV4|Any CPU.Build.0 = DEV4|Any CPU
		{40524F07-8E9B-45A0-ADC2-50FAB2F5D6CC}.DEV4|x64.ActiveCfg = DEV4|x64
		{40524F07-8E9B-45A0-ADC2-50FAB2F5D6CC}.DEV4|x64.Build.0 = DEV4|x64
		{40524F07-8E9B-45A0-ADC2-50FAB2F5D6CC}.DEV4|x86.ActiveCfg = DEV4|x86
		{40524F07-8E9B-45A0-ADC2-50FAB2F5D6CC}.DEV4|x86.Build.0 = DEV4|x86
		{40524F07-8E9B-45A0-ADC2-50FAB2F5D6CC}.QA|Any CPU.ActiveCfg = QA|Any CPU
		{40524F07-8E9B-45A0-ADC2-50FAB2F5D6CC}.QA|Any CPU.Build.0 = QA|Any CPU
		{40524F07-8E9B-45A0-ADC2-50FAB2F5D6CC}.QA|x64.ActiveCfg = QA|Any CPU
		{40524F07-8E9B-45A0-ADC2-50FAB2F5D6CC}.QA|x64.Build.0 = QA|Any CPU
		{40524F07-8E9B-45A0-ADC2-50FAB2F5D6CC}.QA|x86.ActiveCfg = QA|x86
		{40524F07-8E9B-45A0-ADC2-50FAB2F5D6CC}.QA|x86.Build.0 = QA|x86
		{40524F07-8E9B-45A0-ADC2-50FAB2F5D6CC}.Release|Any CPU.ActiveCfg = Release|Any CPU
		{40524F07-8E9B-45A0-ADC2-50FAB2F5D6CC}.Release|Any CPU.Build.0 = Release|Any CPU
		{40524F07-8E9B-45A0-ADC2-50FAB2F5D6CC}.Release|x64.ActiveCfg = Release|Any CPU
		{40524F07-8E9B-45A0-ADC2-50FAB2F5D6CC}.Release|x64.Build.0 = Release|Any CPU
		{40524F07-8E9B-45A0-ADC2-50FAB2F5D6CC}.Release|x86.ActiveCfg = Release|x86
		{40524F07-8E9B-45A0-ADC2-50FAB2F5D6CC}.Release|x86.Build.0 = Release|x86
		{40524F07-8E9B-45A0-ADC2-50FAB2F5D6CC}.UAT|Any CPU.ActiveCfg = UAT|Any CPU
		{40524F07-8E9B-45A0-ADC2-50FAB2F5D6CC}.UAT|Any CPU.Build.0 = UAT|Any CPU
		{40524F07-8E9B-45A0-ADC2-50FAB2F5D6CC}.UAT|x64.ActiveCfg = UAT|x64
		{40524F07-8E9B-45A0-ADC2-50FAB2F5D6CC}.UAT|x64.Build.0 = UAT|x64
		{40524F07-8E9B-45A0-ADC2-50FAB2F5D6CC}.UAT|x86.ActiveCfg = UAT|x86
		{40524F07-8E9B-45A0-ADC2-50FAB2F5D6CC}.UAT|x86.Build.0 = UAT|x86
		{79347493-9DCF-486D-A915-B173EF19ACD0}.Debug|Any CPU.ActiveCfg = Debug|Any CPU
		{79347493-9DCF-486D-A915-B173EF19ACD0}.Debug|Any CPU.Build.0 = Debug|Any CPU
		{79347493-9DCF-486D-A915-B173EF19ACD0}.Debug|x64.ActiveCfg = Debug|Any CPU
		{79347493-9DCF-486D-A915-B173EF19ACD0}.Debug|x64.Build.0 = Debug|Any CPU
		{79347493-9DCF-486D-A915-B173EF19ACD0}.Debug|x86.ActiveCfg = Debug|x86
		{79347493-9DCF-486D-A915-B173EF19ACD0}.Debug|x86.Build.0 = Debug|x86
		{79347493-9DCF-486D-A915-B173EF19ACD0}.DEMO|Any CPU.ActiveCfg = DEMO|Any CPU
		{79347493-9DCF-486D-A915-B173EF19ACD0}.DEMO|Any CPU.Build.0 = DEMO|Any CPU
		{79347493-9DCF-486D-A915-B173EF19ACD0}.DEMO|x64.ActiveCfg = DEMO|Any CPU
		{79347493-9DCF-486D-A915-B173EF19ACD0}.DEMO|x64.Build.0 = DEMO|Any CPU
		{79347493-9DCF-486D-A915-B173EF19ACD0}.DEMO|x86.ActiveCfg = DEMO|x86
		{79347493-9DCF-486D-A915-B173EF19ACD0}.DEMO|x86.Build.0 = DEMO|x86
		{79347493-9DCF-486D-A915-B173EF19ACD0}.DEV|Any CPU.ActiveCfg = Debug|Any CPU
		{79347493-9DCF-486D-A915-B173EF19ACD0}.DEV|Any CPU.Build.0 = Debug|Any CPU
		{79347493-9DCF-486D-A915-B173EF19ACD0}.DEV|x64.ActiveCfg = Debug|Any CPU
		{79347493-9DCF-486D-A915-B173EF19ACD0}.DEV|x64.Build.0 = Debug|Any CPU
		{79347493-9DCF-486D-A915-B173EF19ACD0}.DEV|x86.ActiveCfg = DEV|x86
		{79347493-9DCF-486D-A915-B173EF19ACD0}.DEV|x86.Build.0 = DEV|x86
		{79347493-9DCF-486D-A915-B173EF19ACD0}.DEV1|Any CPU.ActiveCfg = DEV1|Any CPU
		{79347493-9DCF-486D-A915-B173EF19ACD0}.DEV1|Any CPU.Build.0 = DEV1|Any CPU
		{79347493-9DCF-486D-A915-B173EF19ACD0}.DEV1|x64.ActiveCfg = DEV1|Any CPU
		{79347493-9DCF-486D-A915-B173EF19ACD0}.DEV1|x64.Build.0 = DEV1|Any CPU
		{79347493-9DCF-486D-A915-B173EF19ACD0}.DEV1|x86.ActiveCfg = DEV1|x86
		{79347493-9DCF-486D-A915-B173EF19ACD0}.DEV1|x86.Build.0 = DEV1|x86
		{79347493-9DCF-486D-A915-B173EF19ACD0}.DEV2|Any CPU.ActiveCfg = DEV2|Any CPU
		{79347493-9DCF-486D-A915-B173EF19ACD0}.DEV2|Any CPU.Build.0 = DEV2|Any CPU
		{79347493-9DCF-486D-A915-B173EF19ACD0}.DEV2|x64.ActiveCfg = DEV2|Any CPU
		{79347493-9DCF-486D-A915-B173EF19ACD0}.DEV2|x64.Build.0 = DEV2|Any CPU
		{79347493-9DCF-486D-A915-B173EF19ACD0}.DEV2|x86.ActiveCfg = DEV2|x86
		{79347493-9DCF-486D-A915-B173EF19ACD0}.DEV2|x86.Build.0 = DEV2|x86
		{79347493-9DCF-486D-A915-B173EF19ACD0}.DEV4|Any CPU.ActiveCfg = DEV4|Any CPU
		{79347493-9DCF-486D-A915-B173EF19ACD0}.DEV4|Any CPU.Build.0 = DEV4|Any CPU
		{79347493-9DCF-486D-A915-B173EF19ACD0}.DEV4|x64.ActiveCfg = DEV4|Any CPU
		{79347493-9DCF-486D-A915-B173EF19ACD0}.DEV4|x64.Build.0 = DEV4|Any CPU
		{79347493-9DCF-486D-A915-B173EF19ACD0}.DEV4|x86.ActiveCfg = DEV4|x86
		{79347493-9DCF-486D-A915-B173EF19ACD0}.DEV4|x86.Build.0 = DEV4|x86
		{79347493-9DCF-486D-A915-B173EF19ACD0}.QA|Any CPU.ActiveCfg = Release|Any CPU
		{79347493-9DCF-486D-A915-B173EF19ACD0}.QA|Any CPU.Build.0 = Release|Any CPU
		{79347493-9DCF-486D-A915-B173EF19ACD0}.QA|x64.ActiveCfg = Release|Any CPU
		{79347493-9DCF-486D-A915-B173EF19ACD0}.QA|x64.Build.0 = Release|Any CPU
		{79347493-9DCF-486D-A915-B173EF19ACD0}.QA|x86.ActiveCfg = QA|x86
		{79347493-9DCF-486D-A915-B173EF19ACD0}.QA|x86.Build.0 = QA|x86
		{79347493-9DCF-486D-A915-B173EF19ACD0}.Release|Any CPU.ActiveCfg = Release|Any CPU
		{79347493-9DCF-486D-A915-B173EF19ACD0}.Release|Any CPU.Build.0 = Release|Any CPU
		{79347493-9DCF-486D-A915-B173EF19ACD0}.Release|x64.ActiveCfg = Release|Any CPU
		{79347493-9DCF-486D-A915-B173EF19ACD0}.Release|x64.Build.0 = Release|Any CPU
		{79347493-9DCF-486D-A915-B173EF19ACD0}.Release|x86.ActiveCfg = Release|x86
		{79347493-9DCF-486D-A915-B173EF19ACD0}.Release|x86.Build.0 = Release|x86
		{79347493-9DCF-486D-A915-B173EF19ACD0}.UAT|Any CPU.ActiveCfg = UAT|Any CPU
		{79347493-9DCF-486D-A915-B173EF19ACD0}.UAT|Any CPU.Build.0 = UAT|Any CPU
		{79347493-9DCF-486D-A915-B173EF19ACD0}.UAT|x64.ActiveCfg = UAT|Any CPU
		{79347493-9DCF-486D-A915-B173EF19ACD0}.UAT|x64.Build.0 = UAT|Any CPU
		{79347493-9DCF-486D-A915-B173EF19ACD0}.UAT|x86.ActiveCfg = UAT|x86
		{79347493-9DCF-486D-A915-B173EF19ACD0}.UAT|x86.Build.0 = UAT|x86
		{E718E1EF-8A63-4BDE-85CB-3EF8417134F5}.Debug|Any CPU.ActiveCfg = Debug|Any CPU
		{E718E1EF-8A63-4BDE-85CB-3EF8417134F5}.Debug|Any CPU.Build.0 = Debug|Any CPU
		{E718E1EF-8A63-4BDE-85CB-3EF8417134F5}.Debug|x64.ActiveCfg = Debug|Any CPU
		{E718E1EF-8A63-4BDE-85CB-3EF8417134F5}.Debug|x64.Build.0 = Debug|Any CPU
		{E718E1EF-8A63-4BDE-85CB-3EF8417134F5}.Debug|x86.ActiveCfg = Debug|Any CPU
		{E718E1EF-8A63-4BDE-85CB-3EF8417134F5}.Debug|x86.Build.0 = Debug|Any CPU
		{E718E1EF-8A63-4BDE-85CB-3EF8417134F5}.DEMO|Any CPU.ActiveCfg = DEMO|Any CPU
		{E718E1EF-8A63-4BDE-85CB-3EF8417134F5}.DEMO|Any CPU.Build.0 = DEMO|Any CPU
		{E718E1EF-8A63-4BDE-85CB-3EF8417134F5}.DEMO|x64.ActiveCfg = DEMO|x64
		{E718E1EF-8A63-4BDE-85CB-3EF8417134F5}.DEMO|x64.Build.0 = DEMO|x64
		{E718E1EF-8A63-4BDE-85CB-3EF8417134F5}.DEMO|x86.ActiveCfg = DEMO|Any CPU
		{E718E1EF-8A63-4BDE-85CB-3EF8417134F5}.DEMO|x86.Build.0 = DEMO|Any CPU
		{E718E1EF-8A63-4BDE-85CB-3EF8417134F5}.DEV|Any CPU.ActiveCfg = Debug|Any CPU
		{E718E1EF-8A63-4BDE-85CB-3EF8417134F5}.DEV|Any CPU.Build.0 = Debug|Any CPU
		{E718E1EF-8A63-4BDE-85CB-3EF8417134F5}.DEV|x64.ActiveCfg = Debug|Any CPU
		{E718E1EF-8A63-4BDE-85CB-3EF8417134F5}.DEV|x64.Build.0 = Debug|Any CPU
		{E718E1EF-8A63-4BDE-85CB-3EF8417134F5}.DEV|x86.ActiveCfg = Debug|Any CPU
		{E718E1EF-8A63-4BDE-85CB-3EF8417134F5}.DEV|x86.Build.0 = Debug|Any CPU
		{E718E1EF-8A63-4BDE-85CB-3EF8417134F5}.DEV1|Any CPU.ActiveCfg = DEV1|Any CPU
		{E718E1EF-8A63-4BDE-85CB-3EF8417134F5}.DEV1|Any CPU.Build.0 = DEV1|Any CPU
		{E718E1EF-8A63-4BDE-85CB-3EF8417134F5}.DEV1|x64.ActiveCfg = DEV1|x64
		{E718E1EF-8A63-4BDE-85CB-3EF8417134F5}.DEV1|x64.Build.0 = DEV1|x64
		{E718E1EF-8A63-4BDE-85CB-3EF8417134F5}.DEV1|x86.ActiveCfg = DEV1|Any CPU
		{E718E1EF-8A63-4BDE-85CB-3EF8417134F5}.DEV1|x86.Build.0 = DEV1|Any CPU
		{E718E1EF-8A63-4BDE-85CB-3EF8417134F5}.DEV2|Any CPU.ActiveCfg = DEV2|Any CPU
		{E718E1EF-8A63-4BDE-85CB-3EF8417134F5}.DEV2|Any CPU.Build.0 = DEV2|Any CPU
		{E718E1EF-8A63-4BDE-85CB-3EF8417134F5}.DEV2|x64.ActiveCfg = DEV2|x64
		{E718E1EF-8A63-4BDE-85CB-3EF8417134F5}.DEV2|x64.Build.0 = DEV2|x64
		{E718E1EF-8A63-4BDE-85CB-3EF8417134F5}.DEV2|x86.ActiveCfg = DEV2|Any CPU
		{E718E1EF-8A63-4BDE-85CB-3EF8417134F5}.DEV2|x86.Build.0 = DEV2|Any CPU
		{E718E1EF-8A63-4BDE-85CB-3EF8417134F5}.DEV4|Any CPU.ActiveCfg = DEV4|Any CPU
		{E718E1EF-8A63-4BDE-85CB-3EF8417134F5}.DEV4|Any CPU.Build.0 = DEV4|Any CPU
		{E718E1EF-8A63-4BDE-85CB-3EF8417134F5}.DEV4|x64.ActiveCfg = DEV4|x64
		{E718E1EF-8A63-4BDE-85CB-3EF8417134F5}.DEV4|x64.Build.0 = DEV4|x64
		{E718E1EF-8A63-4BDE-85CB-3EF8417134F5}.DEV4|x86.ActiveCfg = DEV4|Any CPU
		{E718E1EF-8A63-4BDE-85CB-3EF8417134F5}.DEV4|x86.Build.0 = DEV4|Any CPU
		{E718E1EF-8A63-4BDE-85CB-3EF8417134F5}.QA|Any CPU.ActiveCfg = Release|Any CPU
		{E718E1EF-8A63-4BDE-85CB-3EF8417134F5}.QA|Any CPU.Build.0 = Release|Any CPU
		{E718E1EF-8A63-4BDE-85CB-3EF8417134F5}.QA|x64.ActiveCfg = Release|Any CPU
		{E718E1EF-8A63-4BDE-85CB-3EF8417134F5}.QA|x64.Build.0 = Release|Any CPU
		{E718E1EF-8A63-4BDE-85CB-3EF8417134F5}.QA|x86.ActiveCfg = Release|Any CPU
		{E718E1EF-8A63-4BDE-85CB-3EF8417134F5}.QA|x86.Build.0 = Release|Any CPU
		{E718E1EF-8A63-4BDE-85CB-3EF8417134F5}.Release|Any CPU.ActiveCfg = Release|Any CPU
		{E718E1EF-8A63-4BDE-85CB-3EF8417134F5}.Release|Any CPU.Build.0 = Release|Any CPU
		{E718E1EF-8A63-4BDE-85CB-3EF8417134F5}.Release|x64.ActiveCfg = Release|Any CPU
		{E718E1EF-8A63-4BDE-85CB-3EF8417134F5}.Release|x64.Build.0 = Release|Any CPU
		{E718E1EF-8A63-4BDE-85CB-3EF8417134F5}.Release|x86.ActiveCfg = Release|Any CPU
		{E718E1EF-8A63-4BDE-85CB-3EF8417134F5}.Release|x86.Build.0 = Release|Any CPU
		{E718E1EF-8A63-4BDE-85CB-3EF8417134F5}.UAT|Any CPU.ActiveCfg = Release|Any CPU
		{E718E1EF-8A63-4BDE-85CB-3EF8417134F5}.UAT|Any CPU.Build.0 = Release|Any CPU
		{E718E1EF-8A63-4BDE-85CB-3EF8417134F5}.UAT|x64.ActiveCfg = Release|Any CPU
		{E718E1EF-8A63-4BDE-85CB-3EF8417134F5}.UAT|x64.Build.0 = Release|Any CPU
		{E718E1EF-8A63-4BDE-85CB-3EF8417134F5}.UAT|x86.ActiveCfg = Release|Any CPU
		{E718E1EF-8A63-4BDE-85CB-3EF8417134F5}.UAT|x86.Build.0 = Release|Any CPU
		{CCCC01A9-AAC1-48F7-91E6-43469069D0D5}.Debug|Any CPU.ActiveCfg = Debug|Any CPU
		{CCCC01A9-AAC1-48F7-91E6-43469069D0D5}.Debug|Any CPU.Build.0 = Debug|Any CPU
		{CCCC01A9-AAC1-48F7-91E6-43469069D0D5}.Debug|x64.ActiveCfg = Debug|Any CPU
		{CCCC01A9-AAC1-48F7-91E6-43469069D0D5}.Debug|x64.Build.0 = Debug|Any CPU
		{CCCC01A9-AAC1-48F7-91E6-43469069D0D5}.Debug|x86.ActiveCfg = Debug|Any CPU
		{CCCC01A9-AAC1-48F7-91E6-43469069D0D5}.Debug|x86.Build.0 = Debug|Any CPU
		{CCCC01A9-AAC1-48F7-91E6-43469069D0D5}.DEMO|Any CPU.ActiveCfg = DEMO|Any CPU
		{CCCC01A9-AAC1-48F7-91E6-43469069D0D5}.DEMO|Any CPU.Build.0 = DEMO|Any CPU
		{CCCC01A9-AAC1-48F7-91E6-43469069D0D5}.DEMO|x64.ActiveCfg = DEMO|Any CPU
		{CCCC01A9-AAC1-48F7-91E6-43469069D0D5}.DEMO|x64.Build.0 = DEMO|Any CPU
		{CCCC01A9-AAC1-48F7-91E6-43469069D0D5}.DEMO|x86.ActiveCfg = DEMO|Any CPU
		{CCCC01A9-AAC1-48F7-91E6-43469069D0D5}.DEMO|x86.Build.0 = DEMO|Any CPU
		{CCCC01A9-AAC1-48F7-91E6-43469069D0D5}.DEV|Any CPU.ActiveCfg = Debug|Any CPU
		{CCCC01A9-AAC1-48F7-91E6-43469069D0D5}.DEV|Any CPU.Build.0 = Debug|Any CPU
		{CCCC01A9-AAC1-48F7-91E6-43469069D0D5}.DEV|x64.ActiveCfg = Debug|Any CPU
		{CCCC01A9-AAC1-48F7-91E6-43469069D0D5}.DEV|x64.Build.0 = Debug|Any CPU
		{CCCC01A9-AAC1-48F7-91E6-43469069D0D5}.DEV|x86.ActiveCfg = Debug|Any CPU
		{CCCC01A9-AAC1-48F7-91E6-43469069D0D5}.DEV|x86.Build.0 = Debug|Any CPU
		{CCCC01A9-AAC1-48F7-91E6-43469069D0D5}.DEV1|Any CPU.ActiveCfg = DEV1|Any CPU
		{CCCC01A9-AAC1-48F7-91E6-43469069D0D5}.DEV1|Any CPU.Build.0 = DEV1|Any CPU
		{CCCC01A9-AAC1-48F7-91E6-43469069D0D5}.DEV1|x64.ActiveCfg = DEV1|Any CPU
		{CCCC01A9-AAC1-48F7-91E6-43469069D0D5}.DEV1|x64.Build.0 = DEV1|Any CPU
		{CCCC01A9-AAC1-48F7-91E6-43469069D0D5}.DEV1|x86.ActiveCfg = DEV1|Any CPU
		{CCCC01A9-AAC1-48F7-91E6-43469069D0D5}.DEV1|x86.Build.0 = DEV1|Any CPU
		{CCCC01A9-AAC1-48F7-91E6-43469069D0D5}.DEV2|Any CPU.ActiveCfg = DEV2|Any CPU
		{CCCC01A9-AAC1-48F7-91E6-43469069D0D5}.DEV2|Any CPU.Build.0 = DEV2|Any CPU
		{CCCC01A9-AAC1-48F7-91E6-43469069D0D5}.DEV2|x64.ActiveCfg = DEV2|Any CPU
		{CCCC01A9-AAC1-48F7-91E6-43469069D0D5}.DEV2|x64.Build.0 = DEV2|Any CPU
		{CCCC01A9-AAC1-48F7-91E6-43469069D0D5}.DEV2|x86.ActiveCfg = DEV2|Any CPU
		{CCCC01A9-AAC1-48F7-91E6-43469069D0D5}.DEV2|x86.Build.0 = DEV2|Any CPU
		{CCCC01A9-AAC1-48F7-91E6-43469069D0D5}.DEV4|Any CPU.ActiveCfg = DEV4|Any CPU
		{CCCC01A9-AAC1-48F7-91E6-43469069D0D5}.DEV4|Any CPU.Build.0 = DEV4|Any CPU
		{CCCC01A9-AAC1-48F7-91E6-43469069D0D5}.DEV4|x64.ActiveCfg = DEV4|Any CPU
		{CCCC01A9-AAC1-48F7-91E6-43469069D0D5}.DEV4|x64.Build.0 = DEV4|Any CPU
		{CCCC01A9-AAC1-48F7-91E6-43469069D0D5}.DEV4|x86.ActiveCfg = DEV4|Any CPU
		{CCCC01A9-AAC1-48F7-91E6-43469069D0D5}.DEV4|x86.Build.0 = DEV4|Any CPU
		{CCCC01A9-AAC1-48F7-91E6-43469069D0D5}.QA|Any CPU.ActiveCfg = Release|Any CPU
		{CCCC01A9-AAC1-48F7-91E6-43469069D0D5}.QA|Any CPU.Build.0 = Release|Any CPU
		{CCCC01A9-AAC1-48F7-91E6-43469069D0D5}.QA|x64.ActiveCfg = Release|Any CPU
		{CCCC01A9-AAC1-48F7-91E6-43469069D0D5}.QA|x64.Build.0 = Release|Any CPU
		{CCCC01A9-AAC1-48F7-91E6-43469069D0D5}.QA|x86.ActiveCfg = Release|Any CPU
		{CCCC01A9-AAC1-48F7-91E6-43469069D0D5}.QA|x86.Build.0 = Release|Any CPU
		{CCCC01A9-AAC1-48F7-91E6-43469069D0D5}.Release|Any CPU.ActiveCfg = Release|Any CPU
		{CCCC01A9-AAC1-48F7-91E6-43469069D0D5}.Release|Any CPU.Build.0 = Release|Any CPU
		{CCCC01A9-AAC1-48F7-91E6-43469069D0D5}.Release|x64.ActiveCfg = Release|Any CPU
		{CCCC01A9-AAC1-48F7-91E6-43469069D0D5}.Release|x64.Build.0 = Release|Any CPU
		{CCCC01A9-AAC1-48F7-91E6-43469069D0D5}.Release|x86.ActiveCfg = Release|Any CPU
		{CCCC01A9-AAC1-48F7-91E6-43469069D0D5}.Release|x86.Build.0 = Release|Any CPU
		{CCCC01A9-AAC1-48F7-91E6-43469069D0D5}.UAT|Any CPU.ActiveCfg = Release|Any CPU
		{CCCC01A9-AAC1-48F7-91E6-43469069D0D5}.UAT|Any CPU.Build.0 = Release|Any CPU
		{CCCC01A9-AAC1-48F7-91E6-43469069D0D5}.UAT|x64.ActiveCfg = Release|Any CPU
		{CCCC01A9-AAC1-48F7-91E6-43469069D0D5}.UAT|x64.Build.0 = Release|Any CPU
		{CCCC01A9-AAC1-48F7-91E6-43469069D0D5}.UAT|x86.ActiveCfg = Release|Any CPU
		{CCCC01A9-AAC1-48F7-91E6-43469069D0D5}.UAT|x86.Build.0 = Release|Any CPU
	EndGlobalSection
	GlobalSection(SolutionProperties) = preSolution
		HideSolutionNode = FALSE
	EndGlobalSection
	GlobalSection(ExtensibilityGlobals) = postSolution
		SolutionGuid = {ACD43BFD-A18B-4DA8-BD41-EF57B635C772}
	EndGlobalSection
EndGlobal
